// !$*UTF8*$!
{
	archiveVersion = 1;
	classes = {
	};
	objectVersion = 46;
	objects = {

/* Begin PBXBuildFile section */
		1647A4D9ACBCDE39F1D8E026 /* libPods-PlaceSearchDemo-swift.a in Frameworks */ = {isa = PBXBuildFile; fileRef = E3F90C27EAEBDCB0BDB8E18B /* libPods-PlaceSearchDemo-swift.a */; };
		6A2D0F591E1E33F80036ACED /* AppDelegate.swift in Sources */ = {isa = PBXBuildFile; fileRef = 6A2D0F581E1E33F80036ACED /* AppDelegate.swift */; };
		6A2D0F5B1E1E33F80036ACED /* ViewController.swift in Sources */ = {isa = PBXBuildFile; fileRef = 6A2D0F5A1E1E33F80036ACED /* ViewController.swift */; };
		6A2D0F5E1E1E33F80036ACED /* Main.storyboard in Resources */ = {isa = PBXBuildFile; fileRef = 6A2D0F5C1E1E33F80036ACED /* Main.storyboard */; };
		6A2D0F601E1E33F80036ACED /* Assets.xcassets in Resources */ = {isa = PBXBuildFile; fileRef = 6A2D0F5F1E1E33F80036ACED /* Assets.xcassets */; };
		6A2D0F631E1E33F80036ACED /* LaunchScreen.storyboard in Resources */ = {isa = PBXBuildFile; fileRef = 6A2D0F611E1E33F80036ACED /* LaunchScreen.storyboard */; };
		6A2D0F691E1E3D230036ACED /* POIAnnotation.m in Sources */ = {isa = PBXBuildFile; fileRef = 813B03961DE44BF6005E49B6 /* POIAnnotation.m */; };
		6A2D0F6A1E1E3D230036ACED /* AMapTipAnnotation.m in Sources */ = {isa = PBXBuildFile; fileRef = 813B03DA1DEC4FE8005E49B6 /* AMapTipAnnotation.m */; };
		6A6CC8EE1E165C6100904F24 /* PlaceSearchDemoUITests.m in Sources */ = {isa = PBXBuildFile; fileRef = 6A6CC8ED1E165C6100904F24 /* PlaceSearchDemoUITests.m */; };
		813B03801DE446C8005E49B6 /* main.m in Sources */ = {isa = PBXBuildFile; fileRef = 813B037F1DE446C8005E49B6 /* main.m */; };
		813B03831DE446C8005E49B6 /* AppDelegate.m in Sources */ = {isa = PBXBuildFile; fileRef = 813B03821DE446C8005E49B6 /* AppDelegate.m */; };
		813B03861DE446C8005E49B6 /* ViewController.m in Sources */ = {isa = PBXBuildFile; fileRef = 813B03851DE446C8005E49B6 /* ViewController.m */; };
		813B03891DE446C8005E49B6 /* Main.storyboard in Resources */ = {isa = PBXBuildFile; fileRef = 813B03871DE446C8005E49B6 /* Main.storyboard */; };
		813B038B1DE446C8005E49B6 /* Assets.xcassets in Resources */ = {isa = PBXBuildFile; fileRef = 813B038A1DE446C8005E49B6 /* Assets.xcassets */; };
		813B038E1DE446C8005E49B6 /* LaunchScreen.storyboard in Resources */ = {isa = PBXBuildFile; fileRef = 813B038C1DE446C8005E49B6 /* LaunchScreen.storyboard */; };
		813B03971DE44BF6005E49B6 /* POIAnnotation.m in Sources */ = {isa = PBXBuildFile; fileRef = 813B03961DE44BF6005E49B6 /* POIAnnotation.m */; };
		813B03DB1DEC4FE8005E49B6 /* AMapTipAnnotation.m in Sources */ = {isa = PBXBuildFile; fileRef = 813B03DA1DEC4FE8005E49B6 /* AMapTipAnnotation.m */; };
		D88A103CB51B672AD510A31D /* libPods-PlaceSearchDemo.a in Frameworks */ = {isa = PBXBuildFile; fileRef = D0EF48A0B6A7E64B3711A7FF /* libPods-PlaceSearchDemo.a */; };
/* End PBXBuildFile section */

/* Begin PBXContainerItemProxy section */
		6A6CC8F01E165C6100904F24 /* PBXContainerItemProxy */ = {
			isa = PBXContainerItemProxy;
			containerPortal = 813B03731DE446C8005E49B6 /* Project object */;
			proxyType = 1;
			remoteGlobalIDString = 813B037A1DE446C8005E49B6;
			remoteInfo = PlaceSearchDemo;
		};
/* End PBXContainerItemProxy section */

/* Begin PBXFileReference section */
		25E2030A064AA5BC2FC0A80D /* Pods-PlaceSearchDemo.debug.xcconfig */ = {isa = PBXFileReference; includeInIndex = 1; lastKnownFileType = text.xcconfig; name = "Pods-PlaceSearchDemo.debug.xcconfig"; path = "Pods/Target Support Files/Pods-PlaceSearchDemo/Pods-PlaceSearchDemo.debug.xcconfig"; sourceTree = "<group>"; };
		3013F3425F5C76A892E63D88 /* Pods-PlaceSearchDemo.release.xcconfig */ = {isa = PBXFileReference; includeInIndex = 1; lastKnownFileType = text.xcconfig; name = "Pods-PlaceSearchDemo.release.xcconfig"; path = "Pods/Target Support Files/Pods-PlaceSearchDemo/Pods-PlaceSearchDemo.release.xcconfig"; sourceTree = "<group>"; };
		6A2D0F561E1E33F70036ACED /* PlaceSearchDemo-swift.app */ = {isa = PBXFileReference; explicitFileType = wrapper.application; includeInIndex = 0; path = "PlaceSearchDemo-swift.app"; sourceTree = BUILT_PRODUCTS_DIR; };
		6A2D0F581E1E33F80036ACED /* AppDelegate.swift */ = {isa = PBXFileReference; lastKnownFileType = sourcecode.swift; path = AppDelegate.swift; sourceTree = "<group>"; };
		6A2D0F5A1E1E33F80036ACED /* ViewController.swift */ = {isa = PBXFileReference; lastKnownFileType = sourcecode.swift; path = ViewController.swift; sourceTree = "<group>"; };
		6A2D0F5D1E1E33F80036ACED /* Base */ = {isa = PBXFileReference; lastKnownFileType = file.storyboard; name = Base; path = Base.lproj/Main.storyboard; sourceTree = "<group>"; };
		6A2D0F5F1E1E33F80036ACED /* Assets.xcassets */ = {isa = PBXFileReference; lastKnownFileType = folder.assetcatalog; path = Assets.xcassets; sourceTree = "<group>"; };
		6A2D0F621E1E33F80036ACED /* Base */ = {isa = PBXFileReference; lastKnownFileType = file.storyboard; name = Base; path = Base.lproj/LaunchScreen.storyboard; sourceTree = "<group>"; };
		6A2D0F641E1E33F80036ACED /* Info.plist */ = {isa = PBXFileReference; lastKnownFileType = text.plist.xml; path = Info.plist; sourceTree = "<group>"; };
		6A2D0F681E1E35530036ACED /* Swift-Bridging-Header.h */ = {isa = PBXFileReference; fileEncoding = 4; lastKnownFileType = sourcecode.c.h; path = "Swift-Bridging-Header.h"; sourceTree = "<group>"; };
		6A6CC8EB1E165C6100904F24 /* PlaceSearchDemoUITests.xctest */ = {isa = PBXFileReference; explicitFileType = wrapper.cfbundle; includeInIndex = 0; path = PlaceSearchDemoUITests.xctest; sourceTree = BUILT_PRODUCTS_DIR; };
		6A6CC8ED1E165C6100904F24 /* PlaceSearchDemoUITests.m */ = {isa = PBXFileReference; lastKnownFileType = sourcecode.c.objc; path = PlaceSearchDemoUITests.m; sourceTree = "<group>"; };
		6A6CC8EF1E165C6100904F24 /* Info.plist */ = {isa = PBXFileReference; lastKnownFileType = text.plist.xml; path = Info.plist; sourceTree = "<group>"; };
		813B037B1DE446C8005E49B6 /* PlaceSearchDemo.app */ = {isa = PBXFileReference; explicitFileType = wrapper.application; includeInIndex = 0; path = PlaceSearchDemo.app; sourceTree = BUILT_PRODUCTS_DIR; };
		813B037F1DE446C8005E49B6 /* main.m */ = {isa = PBXFileReference; lastKnownFileType = sourcecode.c.objc; path = main.m; sourceTree = "<group>"; };
		813B03811DE446C8005E49B6 /* AppDelegate.h */ = {isa = PBXFileReference; lastKnownFileType = sourcecode.c.h; path = AppDelegate.h; sourceTree = "<group>"; };
		813B03821DE446C8005E49B6 /* AppDelegate.m */ = {isa = PBXFileReference; lastKnownFileType = sourcecode.c.objc; path = AppDelegate.m; sourceTree = "<group>"; };
		813B03841DE446C8005E49B6 /* ViewController.h */ = {isa = PBXFileReference; lastKnownFileType = sourcecode.c.h; path = ViewController.h; sourceTree = "<group>"; };
		813B03851DE446C8005E49B6 /* ViewController.m */ = {isa = PBXFileReference; lastKnownFileType = sourcecode.c.objc; path = ViewController.m; sourceTree = "<group>"; };
		813B03881DE446C8005E49B6 /* Base */ = {isa = PBXFileReference; lastKnownFileType = file.storyboard; name = Base; path = Base.lproj/Main.storyboard; sourceTree = "<group>"; };
		813B038A1DE446C8005E49B6 /* Assets.xcassets */ = {isa = PBXFileReference; lastKnownFileType = folder.assetcatalog; path = Assets.xcassets; sourceTree = "<group>"; };
		813B038D1DE446C8005E49B6 /* Base */ = {isa = PBXFileReference; lastKnownFileType = file.storyboard; name = Base; path = Base.lproj/LaunchScreen.storyboard; sourceTree = "<group>"; };
		813B038F1DE446C8005E49B6 /* Info.plist */ = {isa = PBXFileReference; lastKnownFileType = text.plist.xml; path = Info.plist; sourceTree = "<group>"; };
		813B03951DE44BF6005E49B6 /* POIAnnotation.h */ = {isa = PBXFileReference; fileEncoding = 4; lastKnownFileType = sourcecode.c.h; path = POIAnnotation.h; sourceTree = "<group>"; };
		813B03961DE44BF6005E49B6 /* POIAnnotation.m */ = {isa = PBXFileReference; fileEncoding = 4; lastKnownFileType = sourcecode.c.objc; path = POIAnnotation.m; sourceTree = "<group>"; };
		813B03D91DEC4FE8005E49B6 /* AMapTipAnnotation.h */ = {isa = PBXFileReference; fileEncoding = 4; lastKnownFileType = sourcecode.c.h; path = AMapTipAnnotation.h; sourceTree = "<group>"; };
		813B03DA1DEC4FE8005E49B6 /* AMapTipAnnotation.m */ = {isa = PBXFileReference; fileEncoding = 4; lastKnownFileType = sourcecode.c.objc; path = AMapTipAnnotation.m; sourceTree = "<group>"; };
		AC67C48D3B4DF2E626F65193 /* Pods-PlaceSearchDemo-swift.release.xcconfig */ = {isa = PBXFileReference; includeInIndex = 1; lastKnownFileType = text.xcconfig; name = "Pods-PlaceSearchDemo-swift.release.xcconfig"; path = "Pods/Target Support Files/Pods-PlaceSearchDemo-swift/Pods-PlaceSearchDemo-swift.release.xcconfig"; sourceTree = "<group>"; };
		CF4664AFA42449F96A4110BB /* Pods-PlaceSearchDemo-swift.debug.xcconfig */ = {isa = PBXFileReference; includeInIndex = 1; lastKnownFileType = text.xcconfig; name = "Pods-PlaceSearchDemo-swift.debug.xcconfig"; path = "Pods/Target Support Files/Pods-PlaceSearchDemo-swift/Pods-PlaceSearchDemo-swift.debug.xcconfig"; sourceTree = "<group>"; };
		D0EF48A0B6A7E64B3711A7FF /* libPods-PlaceSearchDemo.a */ = {isa = PBXFileReference; explicitFileType = archive.ar; includeInIndex = 0; path = "libPods-PlaceSearchDemo.a"; sourceTree = BUILT_PRODUCTS_DIR; };
		E3F90C27EAEBDCB0BDB8E18B /* libPods-PlaceSearchDemo-swift.a */ = {isa = PBXFileReference; explicitFileType = archive.ar; includeInIndex = 0; path = "libPods-PlaceSearchDemo-swift.a"; sourceTree = BUILT_PRODUCTS_DIR; };
/* End PBXFileReference section */

/* Begin PBXFrameworksBuildPhase section */
		6A2D0F531E1E33F70036ACED /* Frameworks */ = {
			isa = PBXFrameworksBuildPhase;
			buildActionMask = 2147483647;
			files = (
				1647A4D9ACBCDE39F1D8E026 /* libPods-PlaceSearchDemo-swift.a in Frameworks */,
			);
			runOnlyForDeploymentPostprocessing = 0;
		};
		6A6CC8E81E165C6100904F24 /* Frameworks */ = {
			isa = PBXFrameworksBuildPhase;
			buildActionMask = 2147483647;
			files = (
			);
			runOnlyForDeploymentPostprocessing = 0;
		};
		813B03781DE446C8005E49B6 /* Frameworks */ = {
			isa = PBXFrameworksBuildPhase;
			buildActionMask = 2147483647;
			files = (
				D88A103CB51B672AD510A31D /* libPods-PlaceSearchDemo.a in Frameworks */,
			);
			runOnlyForDeploymentPostprocessing = 0;
		};
/* End PBXFrameworksBuildPhase section */

/* Begin PBXGroup section */
		6A2D0F571E1E33F70036ACED /* PlaceSearchDemo-swift */ = {
			isa = PBXGroup;
			children = (
				6A2D0F581E1E33F80036ACED /* AppDelegate.swift */,
				6A2D0F5A1E1E33F80036ACED /* ViewController.swift */,
				6A2D0F681E1E35530036ACED /* Swift-Bridging-Header.h */,
				6A2D0F5C1E1E33F80036ACED /* Main.storyboard */,
				6A2D0F5F1E1E33F80036ACED /* Assets.xcassets */,
				6A2D0F611E1E33F80036ACED /* LaunchScreen.storyboard */,
				6A2D0F641E1E33F80036ACED /* Info.plist */,
			);
			path = "PlaceSearchDemo-swift";
			sourceTree = "<group>";
		};
		6A6CC8EC1E165C6100904F24 /* PlaceSearchDemoUITests */ = {
			isa = PBXGroup;
			children = (
				6A6CC8ED1E165C6100904F24 /* PlaceSearchDemoUITests.m */,
				6A6CC8EF1E165C6100904F24 /* Info.plist */,
			);
			path = PlaceSearchDemoUITests;
			sourceTree = "<group>";
		};
		813B03721DE446C8005E49B6 = {
			isa = PBXGroup;
			children = (
				813B037D1DE446C8005E49B6 /* PlaceSearchDemo */,
				6A6CC8EC1E165C6100904F24 /* PlaceSearchDemoUITests */,
				6A2D0F571E1E33F70036ACED /* PlaceSearchDemo-swift */,
				813B037C1DE446C8005E49B6 /* Products */,
				BEEC09EA3DF1C26F0B12F4AB /* Pods */,
				E831007C6DB5B76F4C79B78F /* Frameworks */,
			);
			sourceTree = "<group>";
		};
		813B037C1DE446C8005E49B6 /* Products */ = {
			isa = PBXGroup;
			children = (
				813B037B1DE446C8005E49B6 /* PlaceSearchDemo.app */,
				6A6CC8EB1E165C6100904F24 /* PlaceSearchDemoUITests.xctest */,
				6A2D0F561E1E33F70036ACED /* PlaceSearchDemo-swift.app */,
			);
			name = Products;
			sourceTree = "<group>";
		};
		813B037D1DE446C8005E49B6 /* PlaceSearchDemo */ = {
			isa = PBXGroup;
			children = (
				813B03811DE446C8005E49B6 /* AppDelegate.h */,
				813B03821DE446C8005E49B6 /* AppDelegate.m */,
				813B03841DE446C8005E49B6 /* ViewController.h */,
				813B03851DE446C8005E49B6 /* ViewController.m */,
				813B03951DE44BF6005E49B6 /* POIAnnotation.h */,
				813B03961DE44BF6005E49B6 /* POIAnnotation.m */,
				813B03D91DEC4FE8005E49B6 /* AMapTipAnnotation.h */,
				813B03DA1DEC4FE8005E49B6 /* AMapTipAnnotation.m */,
				813B03871DE446C8005E49B6 /* Main.storyboard */,
				813B038A1DE446C8005E49B6 /* Assets.xcassets */,
				813B038C1DE446C8005E49B6 /* LaunchScreen.storyboard */,
				813B038F1DE446C8005E49B6 /* Info.plist */,
				813B037E1DE446C8005E49B6 /* Supporting Files */,
			);
			path = PlaceSearchDemo;
			sourceTree = "<group>";
		};
		813B037E1DE446C8005E49B6 /* Supporting Files */ = {
			isa = PBXGroup;
			children = (
				813B037F1DE446C8005E49B6 /* main.m */,
			);
			name = "Supporting Files";
			sourceTree = "<group>";
		};
		BEEC09EA3DF1C26F0B12F4AB /* Pods */ = {
			isa = PBXGroup;
			children = (
				25E2030A064AA5BC2FC0A80D /* Pods-PlaceSearchDemo.debug.xcconfig */,
				3013F3425F5C76A892E63D88 /* Pods-PlaceSearchDemo.release.xcconfig */,
				CF4664AFA42449F96A4110BB /* Pods-PlaceSearchDemo-swift.debug.xcconfig */,
				AC67C48D3B4DF2E626F65193 /* Pods-PlaceSearchDemo-swift.release.xcconfig */,
			);
			name = Pods;
			sourceTree = "<group>";
		};
		E831007C6DB5B76F4C79B78F /* Frameworks */ = {
			isa = PBXGroup;
			children = (
				D0EF48A0B6A7E64B3711A7FF /* libPods-PlaceSearchDemo.a */,
				E3F90C27EAEBDCB0BDB8E18B /* libPods-PlaceSearchDemo-swift.a */,
			);
			name = Frameworks;
			sourceTree = "<group>";
		};
/* End PBXGroup section */

/* Begin PBXNativeTarget section */
		6A2D0F551E1E33F70036ACED /* PlaceSearchDemo-swift */ = {
			isa = PBXNativeTarget;
			buildConfigurationList = 6A2D0F671E1E33F80036ACED /* Build configuration list for PBXNativeTarget "PlaceSearchDemo-swift" */;
			buildPhases = (
				3A1592C7E6420A17A1C55324 /* [CP] Check Pods Manifest.lock */,
				6A2D0F521E1E33F70036ACED /* Sources */,
				6A2D0F531E1E33F70036ACED /* Frameworks */,
				6A2D0F541E1E33F70036ACED /* Resources */,
				495D070D8DF67A01B6C1FA7F /* [CP] Embed Pods Frameworks */,
				75C3584AA6056C4A0CB96E29 /* [CP] Copy Pods Resources */,
			);
			buildRules = (
			);
			dependencies = (
			);
			name = "PlaceSearchDemo-swift";
			productName = "PlaceSearchDemo-swift";
			productReference = 6A2D0F561E1E33F70036ACED /* PlaceSearchDemo-swift.app */;
			productType = "com.apple.product-type.application";
		};
		6A6CC8EA1E165C6100904F24 /* PlaceSearchDemoUITests */ = {
			isa = PBXNativeTarget;
			buildConfigurationList = 6A6CC8F41E165C6100904F24 /* Build configuration list for PBXNativeTarget "PlaceSearchDemoUITests" */;
			buildPhases = (
				6A6CC8E71E165C6100904F24 /* Sources */,
				6A6CC8E81E165C6100904F24 /* Frameworks */,
				6A6CC8E91E165C6100904F24 /* Resources */,
			);
			buildRules = (
			);
			dependencies = (
				6A6CC8F11E165C6100904F24 /* PBXTargetDependency */,
			);
			name = PlaceSearchDemoUITests;
			productName = PlaceSearchDemoUITests;
			productReference = 6A6CC8EB1E165C6100904F24 /* PlaceSearchDemoUITests.xctest */;
			productType = "com.apple.product-type.bundle.ui-testing";
		};
		813B037A1DE446C8005E49B6 /* PlaceSearchDemo */ = {
			isa = PBXNativeTarget;
			buildConfigurationList = 813B03921DE446C8005E49B6 /* Build configuration list for PBXNativeTarget "PlaceSearchDemo" */;
			buildPhases = (
				24A7834908316A4A4A7FE892 /* [CP] Check Pods Manifest.lock */,
				813B03771DE446C8005E49B6 /* Sources */,
				813B03781DE446C8005E49B6 /* Frameworks */,
				813B03791DE446C8005E49B6 /* Resources */,
				BD5617CF4866D1A5B475FF49 /* [CP] Embed Pods Frameworks */,
				6F8D71605BFC8AB56C932A59 /* [CP] Copy Pods Resources */,
			);
			buildRules = (
			);
			dependencies = (
			);
			name = PlaceSearchDemo;
			productName = PlaceSearchDemo;
			productReference = 813B037B1DE446C8005E49B6 /* PlaceSearchDemo.app */;
			productType = "com.apple.product-type.application";
		};
/* End PBXNativeTarget section */

/* Begin PBXProject section */
		813B03731DE446C8005E49B6 /* Project object */ = {
			isa = PBXProject;
			attributes = {
				LastSwiftUpdateCheck = 0820;
				LastUpgradeCheck = 0900;
				ORGANIZATIONNAME = AutoNavi;
				TargetAttributes = {
					6A2D0F551E1E33F70036ACED = {
						CreatedOnToolsVersion = 8.2.1;
						DevelopmentTeam = YMJ372W38W;
						ProvisioningStyle = Manual;
					};
					6A6CC8EA1E165C6100904F24 = {
						CreatedOnToolsVersion = 8.2.1;
						DevelopmentTeam = YMJ372W38W;
						ProvisioningStyle = Manual;
						TestTargetID = 813B037A1DE446C8005E49B6;
					};
					813B037A1DE446C8005E49B6 = {
						CreatedOnToolsVersion = 8.1;
						DevelopmentTeam = YMJ372W38W;
						ProvisioningStyle = Manual;
					};
				};
			};
			buildConfigurationList = 813B03761DE446C8005E49B6 /* Build configuration list for PBXProject "PlaceSearchDemo" */;
			compatibilityVersion = "Xcode 3.2";
			developmentRegion = English;
			hasScannedForEncodings = 0;
			knownRegions = (
				en,
				Base,
			);
			mainGroup = 813B03721DE446C8005E49B6;
			productRefGroup = 813B037C1DE446C8005E49B6 /* Products */;
			projectDirPath = "";
			projectRoot = "";
			targets = (
				813B037A1DE446C8005E49B6 /* PlaceSearchDemo */,
				6A2D0F551E1E33F70036ACED /* PlaceSearchDemo-swift */,
				6A6CC8EA1E165C6100904F24 /* PlaceSearchDemoUITests */,
			);
		};
/* End PBXProject section */

/* Begin PBXResourcesBuildPhase section */
		6A2D0F541E1E33F70036ACED /* Resources */ = {
			isa = PBXResourcesBuildPhase;
			buildActionMask = 2147483647;
			files = (
				6A2D0F631E1E33F80036ACED /* LaunchScreen.storyboard in Resources */,
				6A2D0F601E1E33F80036ACED /* Assets.xcassets in Resources */,
				6A2D0F5E1E1E33F80036ACED /* Main.storyboard in Resources */,
			);
			runOnlyForDeploymentPostprocessing = 0;
		};
		6A6CC8E91E165C6100904F24 /* Resources */ = {
			isa = PBXResourcesBuildPhase;
			buildActionMask = 2147483647;
			files = (
			);
			runOnlyForDeploymentPostprocessing = 0;
		};
		813B03791DE446C8005E49B6 /* Resources */ = {
			isa = PBXResourcesBuildPhase;
			buildActionMask = 2147483647;
			files = (
				813B038E1DE446C8005E49B6 /* LaunchScreen.storyboard in Resources */,
				813B038B1DE446C8005E49B6 /* Assets.xcassets in Resources */,
				813B03891DE446C8005E49B6 /* Main.storyboard in Resources */,
			);
			runOnlyForDeploymentPostprocessing = 0;
		};
/* End PBXResourcesBuildPhase section */

/* Begin PBXShellScriptBuildPhase section */
		24A7834908316A4A4A7FE892 /* [CP] Check Pods Manifest.lock */ = {
			isa = PBXShellScriptBuildPhase;
			buildActionMask = 2147483647;
			files = (
			);
			inputPaths = (
				"${PODS_PODFILE_DIR_PATH}/Podfile.lock",
				"${PODS_ROOT}/Manifest.lock",
			);
			name = "[CP] Check Pods Manifest.lock";
			outputPaths = (
				"$(DERIVED_FILE_DIR)/Pods-PlaceSearchDemo-checkManifestLockResult.txt",
			);
			runOnlyForDeploymentPostprocessing = 0;
			shellPath = /bin/sh;
			shellScript = "diff \"${PODS_PODFILE_DIR_PATH}/Podfile.lock\" \"${PODS_ROOT}/Manifest.lock\" > /dev/null\nif [ $? != 0 ] ; then\n    # print error to STDERR\n    echo \"error: The sandbox is not in sync with the Podfile.lock. Run 'pod install' or update your CocoaPods installation.\" >&2\n    exit 1\nfi\n# This output is used by Xcode 'outputs' to avoid re-running this script phase.\necho \"SUCCESS\" > \"${SCRIPT_OUTPUT_FILE_0}\"\n";
			showEnvVarsInLog = 0;
		};
		3A1592C7E6420A17A1C55324 /* [CP] Check Pods Manifest.lock */ = {
			isa = PBXShellScriptBuildPhase;
			buildActionMask = 2147483647;
			files = (
			);
			inputPaths = (
				"${PODS_PODFILE_DIR_PATH}/Podfile.lock",
				"${PODS_ROOT}/Manifest.lock",
			);
			name = "[CP] Check Pods Manifest.lock";
			outputPaths = (
				"$(DERIVED_FILE_DIR)/Pods-PlaceSearchDemo-swift-checkManifestLockResult.txt",
			);
			runOnlyForDeploymentPostprocessing = 0;
			shellPath = /bin/sh;
			shellScript = "diff \"${PODS_PODFILE_DIR_PATH}/Podfile.lock\" \"${PODS_ROOT}/Manifest.lock\" > /dev/null\nif [ $? != 0 ] ; then\n    # print error to STDERR\n    echo \"error: The sandbox is not in sync with the Podfile.lock. Run 'pod install' or update your CocoaPods installation.\" >&2\n    exit 1\nfi\n# This output is used by Xcode 'outputs' to avoid re-running this script phase.\necho \"SUCCESS\" > \"${SCRIPT_OUTPUT_FILE_0}\"\n";
			showEnvVarsInLog = 0;
		};
		495D070D8DF67A01B6C1FA7F /* [CP] Embed Pods Frameworks */ = {
			isa = PBXShellScriptBuildPhase;
			buildActionMask = 2147483647;
			files = (
			);
			inputPaths = (
			);
			name = "[CP] Embed Pods Frameworks";
			outputPaths = (
			);
			runOnlyForDeploymentPostprocessing = 0;
			shellPath = /bin/sh;
			shellScript = "\"${SRCROOT}/Pods/Target Support Files/Pods-PlaceSearchDemo-swift/Pods-PlaceSearchDemo-swift-frameworks.sh\"\n";
			showEnvVarsInLog = 0;
		};
		6F8D71605BFC8AB56C932A59 /* [CP] Copy Pods Resources */ = {
			isa = PBXShellScriptBuildPhase;
			buildActionMask = 2147483647;
			files = (
			);
			inputPaths = (
				"${SRCROOT}/Pods/Target Support Files/Pods-PlaceSearchDemo/Pods-PlaceSearchDemo-resources.sh",
				"${PODS_ROOT}/AMap3DMap/MAMapKit.framework/AMap.bundle",
			);
			name = "[CP] Copy Pods Resources";
			outputPaths = (
				"${TARGET_BUILD_DIR}/${UNLOCALIZED_RESOURCES_FOLDER_PATH}",
			);
			runOnlyForDeploymentPostprocessing = 0;
			shellPath = /bin/sh;
			shellScript = "\"${SRCROOT}/Pods/Target Support Files/Pods-PlaceSearchDemo/Pods-PlaceSearchDemo-resources.sh\"\n";
			showEnvVarsInLog = 0;
		};
		75C3584AA6056C4A0CB96E29 /* [CP] Copy Pods Resources */ = {
			isa = PBXShellScriptBuildPhase;
			buildActionMask = 2147483647;
			files = (
			);
			inputPaths = (
				"${SRCROOT}/Pods/Target Support Files/Pods-PlaceSearchDemo-swift/Pods-PlaceSearchDemo-swift-resources.sh",
				"${PODS_ROOT}/AMap3DMap/MAMapKit.framework/AMap.bundle",
			);
			name = "[CP] Copy Pods Resources";
			outputPaths = (
				"${TARGET_BUILD_DIR}/${UNLOCALIZED_RESOURCES_FOLDER_PATH}",
			);
			runOnlyForDeploymentPostprocessing = 0;
			shellPath = /bin/sh;
			shellScript = "\"${SRCROOT}/Pods/Target Support Files/Pods-PlaceSearchDemo-swift/Pods-PlaceSearchDemo-swift-resources.sh\"\n";
			showEnvVarsInLog = 0;
		};
		BD5617CF4866D1A5B475FF49 /* [CP] Embed Pods Frameworks */ = {
			isa = PBXShellScriptBuildPhase;
			buildActionMask = 2147483647;
			files = (
			);
			inputPaths = (
			);
			name = "[CP] Embed Pods Frameworks";
			outputPaths = (
			);
			runOnlyForDeploymentPostprocessing = 0;
			shellPath = /bin/sh;
			shellScript = "\"${SRCROOT}/Pods/Target Support Files/Pods-PlaceSearchDemo/Pods-PlaceSearchDemo-frameworks.sh\"\n";
			showEnvVarsInLog = 0;
		};
/* End PBXShellScriptBuildPhase section */

/* Begin PBXSourcesBuildPhase section */
		6A2D0F521E1E33F70036ACED /* Sources */ = {
			isa = PBXSourcesBuildPhase;
			buildActionMask = 2147483647;
			files = (
				6A2D0F691E1E3D230036ACED /* POIAnnotation.m in Sources */,
				6A2D0F6A1E1E3D230036ACED /* AMapTipAnnotation.m in Sources */,
				6A2D0F5B1E1E33F80036ACED /* ViewController.swift in Sources */,
				6A2D0F591E1E33F80036ACED /* AppDelegate.swift in Sources */,
			);
			runOnlyForDeploymentPostprocessing = 0;
		};
		6A6CC8E71E165C6100904F24 /* Sources */ = {
			isa = PBXSourcesBuildPhase;
			buildActionMask = 2147483647;
			files = (
				6A6CC8EE1E165C6100904F24 /* PlaceSearchDemoUITests.m in Sources */,
			);
			runOnlyForDeploymentPostprocessing = 0;
		};
		813B03771DE446C8005E49B6 /* Sources */ = {
			isa = PBXSourcesBuildPhase;
			buildActionMask = 2147483647;
			files = (
				813B03861DE446C8005E49B6 /* ViewController.m in Sources */,
				813B03971DE44BF6005E49B6 /* POIAnnotation.m in Sources */,
				813B03831DE446C8005E49B6 /* AppDelegate.m in Sources */,
				813B03DB1DEC4FE8005E49B6 /* AMapTipAnnotation.m in Sources */,
				813B03801DE446C8005E49B6 /* main.m in Sources */,
			);
			runOnlyForDeploymentPostprocessing = 0;
		};
/* End PBXSourcesBuildPhase section */

/* Begin PBXTargetDependency section */
		6A6CC8F11E165C6100904F24 /* PBXTargetDependency */ = {
			isa = PBXTargetDependency;
			target = 813B037A1DE446C8005E49B6 /* PlaceSearchDemo */;
			targetProxy = 6A6CC8F01E165C6100904F24 /* PBXContainerItemProxy */;
		};
/* End PBXTargetDependency section */

/* Begin PBXVariantGroup section */
		6A2D0F5C1E1E33F80036ACED /* Main.storyboard */ = {
			isa = PBXVariantGroup;
			children = (
				6A2D0F5D1E1E33F80036ACED /* Base */,
			);
			name = Main.storyboard;
			sourceTree = "<group>";
		};
		6A2D0F611E1E33F80036ACED /* LaunchScreen.storyboard */ = {
			isa = PBXVariantGroup;
			children = (
				6A2D0F621E1E33F80036ACED /* Base */,
			);
			name = LaunchScreen.storyboard;
			sourceTree = "<group>";
		};
		813B03871DE446C8005E49B6 /* Main.storyboard */ = {
			isa = PBXVariantGroup;
			children = (
				813B03881DE446C8005E49B6 /* Base */,
			);
			name = Main.storyboard;
			sourceTree = "<group>";
		};
		813B038C1DE446C8005E49B6 /* LaunchScreen.storyboard */ = {
			isa = PBXVariantGroup;
			children = (
				813B038D1DE446C8005E49B6 /* Base */,
			);
			name = LaunchScreen.storyboard;
			sourceTree = "<group>";
		};
/* End PBXVariantGroup section */

/* Begin XCBuildConfiguration section */
		6A2D0F651E1E33F80036ACED /* Debug */ = {
			isa = XCBuildConfiguration;
			baseConfigurationReference = CF4664AFA42449F96A4110BB /* Pods-PlaceSearchDemo-swift.debug.xcconfig */;
			buildSettings = {
				ASSETCATALOG_COMPILER_APPICON_NAME = AppIcon;
				CLANG_WARN_SUSPICIOUS_MOVE = YES;
				DEVELOPMENT_TEAM = YMJ372W38W;
				INFOPLIST_FILE = "PlaceSearchDemo-swift/Info.plist";
				IPHONEOS_DEPLOYMENT_TARGET = 8.0;
				LD_RUNPATH_SEARCH_PATHS = "$(inherited) @executable_path/Frameworks";
				PRODUCT_BUNDLE_IDENTIFIER = com.autonavi.PlaceSearchDemo;
				PRODUCT_NAME = "$(TARGET_NAME)";
				PROVISIONING_PROFILE = "9b821a78-8ad6-4cf7-b6b0-31b43df04bbe";
				PROVISIONING_PROFILE_SPECIFIER = openPlatform_development;
				SWIFT_ACTIVE_COMPILATION_CONDITIONS = DEBUG;
				SWIFT_OBJC_BRIDGING_HEADER = "$(TARGET_NAME)/Swift-Bridging-Header.h";
				SWIFT_OPTIMIZATION_LEVEL = "-Onone";
				SWIFT_VERSION = 3.0;
				TARGETED_DEVICE_FAMILY = "1,2";
			};
			name = Debug;
		};
		6A2D0F661E1E33F80036ACED /* Release */ = {
			isa = XCBuildConfiguration;
			baseConfigurationReference = AC67C48D3B4DF2E626F65193 /* Pods-PlaceSearchDemo-swift.release.xcconfig */;
			buildSettings = {
				ASSETCATALOG_COMPILER_APPICON_NAME = AppIcon;
				CLANG_WARN_SUSPICIOUS_MOVE = YES;
				"CODE_SIGN_IDENTITY[sdk=iphoneos*]" = "iPhone Distribution";
				DEVELOPMENT_TEAM = YMJ372W38W;
				INFOPLIST_FILE = "PlaceSearchDemo-swift/Info.plist";
				IPHONEOS_DEPLOYMENT_TARGET = 8.0;
				LD_RUNPATH_SEARCH_PATHS = "$(inherited) @executable_path/Frameworks";
				PRODUCT_BUNDLE_IDENTIFIER = com.autonavi.PlaceSearchDemo;
				PRODUCT_NAME = "$(TARGET_NAME)";
				PROVISIONING_PROFILE = "a892512d-fe94-4702-b716-0b66880b936d";
				PROVISIONING_PROFILE_SPECIFIER = openPlatformInhouse;
				SWIFT_OBJC_BRIDGING_HEADER = "$(TARGET_NAME)/Swift-Bridging-Header.h";
				SWIFT_OPTIMIZATION_LEVEL = "-Owholemodule";
				SWIFT_VERSION = 3.0;
				TARGETED_DEVICE_FAMILY = "1,2";
			};
			name = Release;
		};
		6A6CC8F21E165C6100904F24 /* Debug */ = {
			isa = XCBuildConfiguration;
			buildSettings = {
				CLANG_WARN_SUSPICIOUS_MOVE = YES;
				DEVELOPMENT_TEAM = YMJ372W38W;
				INFOPLIST_FILE = PlaceSearchDemoUITests/Info.plist;
				IPHONEOS_DEPLOYMENT_TARGET = 10.2;
				LD_RUNPATH_SEARCH_PATHS = "$(inherited) @executable_path/Frameworks @loader_path/Frameworks";
				PRODUCT_BUNDLE_IDENTIFIER = com.autonavi.PlaceSearchDemoUITests;
				PRODUCT_NAME = "$(TARGET_NAME)";
				PROVISIONING_PROFILE = "9b821a78-8ad6-4cf7-b6b0-31b43df04bbe";
				PROVISIONING_PROFILE_SPECIFIER = openPlatform_development;
				TEST_TARGET_NAME = PlaceSearchDemo;
			};
			name = Debug;
		};
		6A6CC8F31E165C6100904F24 /* Release */ = {
			isa = XCBuildConfiguration;
			buildSettings = {
				CLANG_WARN_SUSPICIOUS_MOVE = YES;
				DEVELOPMENT_TEAM = YMJ372W38W;
				INFOPLIST_FILE = PlaceSearchDemoUITests/Info.plist;
				IPHONEOS_DEPLOYMENT_TARGET = 10.2;
				LD_RUNPATH_SEARCH_PATHS = "$(inherited) @executable_path/Frameworks @loader_path/Frameworks";
				PRODUCT_BUNDLE_IDENTIFIER = com.autonavi.PlaceSearchDemoUITests;
				PRODUCT_NAME = "$(TARGET_NAME)";
				PROVISIONING_PROFILE = "9b821a78-8ad6-4cf7-b6b0-31b43df04bbe";
				PROVISIONING_PROFILE_SPECIFIER = openPlatform_development;
				TEST_TARGET_NAME = PlaceSearchDemo;
			};
			name = Release;
		};
		813B03901DE446C8005E49B6 /* Debug */ = {
			isa = XCBuildConfiguration;
			buildSettings = {
				ALWAYS_SEARCH_USER_PATHS = NO;
				CLANG_ANALYZER_NONNULL = YES;
				CLANG_CXX_LANGUAGE_STANDARD = "gnu++0x";
				CLANG_CXX_LIBRARY = "libc++";
				CLANG_ENABLE_MODULES = YES;
				CLANG_ENABLE_OBJC_ARC = YES;
				CLANG_WARN_BOOL_CONVERSION = YES;
				CLANG_WARN_CONSTANT_CONVERSION = YES;
				CLANG_WARN_DIRECT_OBJC_ISA_USAGE = YES_ERROR;
				CLANG_WARN_DOCUMENTATION_COMMENTS = YES;
				CLANG_WARN_EMPTY_BODY = YES;
				CLANG_WARN_ENUM_CONVERSION = YES;
				CLANG_WARN_INFINITE_RECURSION = YES;
				CLANG_WARN_INT_CONVERSION = YES;
				CLANG_WARN_OBJC_ROOT_CLASS = YES_ERROR;
				CLANG_WARN_SUSPICIOUS_MOVES = YES;
				CLANG_WARN_UNREACHABLE_CODE = YES;
				CLANG_WARN__DUPLICATE_METHOD_MATCH = YES;
				"CODE_SIGN_IDENTITY[sdk=iphoneos*]" = "iPhone Developer";
				COPY_PHASE_STRIP = NO;
				DEBUG_INFORMATION_FORMAT = dwarf;
				ENABLE_STRICT_OBJC_MSGSEND = YES;
				ENABLE_TESTABILITY = YES;
				GCC_C_LANGUAGE_STANDARD = gnu99;
				GCC_DYNAMIC_NO_PIC = NO;
				GCC_NO_COMMON_BLOCKS = YES;
				GCC_OPTIMIZATION_LEVEL = 0;
				GCC_PREPROCESSOR_DEFINITIONS = (
					"DEBUG=1",
					"$(inherited)",
				);
				GCC_WARN_64_TO_32_BIT_CONVERSION = YES;
				GCC_WARN_ABOUT_RETURN_TYPE = YES_ERROR;
				GCC_WARN_UNDECLARED_SELECTOR = YES;
				GCC_WARN_UNINITIALIZED_AUTOS = YES_AGGRESSIVE;
				GCC_WARN_UNUSED_FUNCTION = YES;
				GCC_WARN_UNUSED_VARIABLE = YES;
				IPHONEOS_DEPLOYMENT_TARGET = 10.1;
				MTL_ENABLE_DEBUG_INFO = YES;
				ONLY_ACTIVE_ARCH = YES;
				SDKROOT = iphoneos;
			};
			name = Debug;
		};
		813B03911DE446C8005E49B6 /* Release */ = {
			isa = XCBuildConfiguration;
			buildSettings = {
				ALWAYS_SEARCH_USER_PATHS = NO;
				CLANG_ANALYZER_NONNULL = YES;
				CLANG_CXX_LANGUAGE_STANDARD = "gnu++0x";
				CLANG_CXX_LIBRARY = "libc++";
				CLANG_ENABLE_MODULES = YES;
				CLANG_ENABLE_OBJC_ARC = YES;
				CLANG_WARN_BOOL_CONVERSION = YES;
				CLANG_WARN_CONSTANT_CONVERSION = YES;
				CLANG_WARN_DIRECT_OBJC_ISA_USAGE = YES_ERROR;
				CLANG_WARN_DOCUMENTATION_COMMENTS = YES;
				CLANG_WARN_EMPTY_BODY = YES;
				CLANG_WARN_ENUM_CONVERSION = YES;
				CLANG_WARN_INFINITE_RECURSION = YES;
				CLANG_WARN_INT_CONVERSION = YES;
				CLANG_WARN_OBJC_ROOT_CLASS = YES_ERROR;
				CLANG_WARN_SUSPICIOUS_MOVES = YES;
				CLANG_WARN_UNREACHABLE_CODE = YES;
				CLANG_WARN__DUPLICATE_METHOD_MATCH = YES;
				"CODE_SIGN_IDENTITY[sdk=iphoneos*]" = "iPhone Developer";
				COPY_PHASE_STRIP = NO;
				DEBUG_INFORMATION_FORMAT = "dwarf-with-dsym";
				ENABLE_NS_ASSERTIONS = NO;
				ENABLE_STRICT_OBJC_MSGSEND = YES;
				GCC_C_LANGUAGE_STANDARD = gnu99;
				GCC_NO_COMMON_BLOCKS = YES;
				GCC_WARN_64_TO_32_BIT_CONVERSION = YES;
				GCC_WARN_ABOUT_RETURN_TYPE = YES_ERROR;
				GCC_WARN_UNDECLARED_SELECTOR = YES;
				GCC_WARN_UNINITIALIZED_AUTOS = YES_AGGRESSIVE;
				GCC_WARN_UNUSED_FUNCTION = YES;
				GCC_WARN_UNUSED_VARIABLE = YES;
				IPHONEOS_DEPLOYMENT_TARGET = 10.1;
				MTL_ENABLE_DEBUG_INFO = NO;
				SDKROOT = iphoneos;
				VALIDATE_PRODUCT = YES;
			};
			name = Release;
		};
		813B03931DE446C8005E49B6 /* Debug */ = {
			isa = XCBuildConfiguration;
			baseConfigurationReference = 25E2030A064AA5BC2FC0A80D /* Pods-PlaceSearchDemo.debug.xcconfig */;
			buildSettings = {
				ASSETCATALOG_COMPILER_APPICON_NAME = AppIcon;
				DEVELOPMENT_TEAM = YMJ372W38W;
				INFOPLIST_FILE = PlaceSearchDemo/Info.plist;
				LD_RUNPATH_SEARCH_PATHS = "$(inherited) @executable_path/Frameworks";
				PRODUCT_BUNDLE_IDENTIFIER = com.autonavi.PlaceSearchDemo;
				PRODUCT_NAME = "$(TARGET_NAME)";
				PROVISIONING_PROFILE = "d723e77c-6c92-4e6a-98d7-8717d0b88b87";
				PROVISIONING_PROFILE_SPECIFIER = openPlatform_development;
			};
			name = Debug;
		};
		813B03941DE446C8005E49B6 /* Release */ = {
			isa = XCBuildConfiguration;
			baseConfigurationReference = 3013F3425F5C76A892E63D88 /* Pods-PlaceSearchDemo.release.xcconfig */;
			buildSettings = {
				ASSETCATALOG_COMPILER_APPICON_NAME = AppIcon;
				"CODE_SIGN_IDENTITY[sdk=iphoneos*]" = "iPhone Distribution";
				DEVELOPMENT_TEAM = YMJ372W38W;
				INFOPLIST_FILE = PlaceSearchDemo/Info.plist;
				LD_RUNPATH_SEARCH_PATHS = "$(inherited) @executable_path/Frameworks";
				PRODUCT_BUNDLE_IDENTIFIER = com.autonavi.PlaceSearchDemo;
				PRODUCT_NAME = "$(TARGET_NAME)";
				PROVISIONING_PROFILE = "a892512d-fe94-4702-b716-0b66880b936d";
				PROVISIONING_PROFILE_SPECIFIER = openPlatformInhouse;
			};
			name = Release;
		};
/* End XCBuildConfiguration section */

/* Begin XCConfigurationList section */
		6A2D0F671E1E33F80036ACED /* Build configuration list for PBXNativeTarget "PlaceSearchDemo-swift" */ = {
			isa = XCConfigurationList;
			buildConfigurations = (
				6A2D0F651E1E33F80036ACED /* Debug */,
				6A2D0F661E1E33F80036ACED /* Release */,
			);
			defaultConfigurationIsVisible = 0;
			defaultConfigurationName = Release;
		};
		6A6CC8F41E165C6100904F24 /* Build configuration list for PBXNativeTarget "PlaceSearchDemoUITests" */ = {
			isa = XCConfigurationList;
			buildConfigurations = (
				6A6CC8F21E165C6100904F24 /* Debug */,
				6A6CC8F31E165C6100904F24 /* Release */,
			);
			defaultConfigurationIsVisible = 0;
			defaultConfigurationName = Release;
		};
		813B03761DE446C8005E49B6 /* Build configuration list for PBXProject "PlaceSearchDemo" */ = {
			isa = XCConfigurationList;
			buildConfigurations = (
				813B03901DE446C8005E49B6 /* Debug */,
				813B03911DE446C8005E49B6 /* Release */,
			);
			defaultConfigurationIsVisible = 0;
			defaultConfigurationName = Release;
		};
		813B03921DE446C8005E49B6 /* Build configuration list for PBXNativeTarget "PlaceSearchDemo" */ = {
			isa = XCConfigurationList;
			buildConfigurations = (
				813B03931DE446C8005E49B6 /* Debug */,
				813B03941DE446C8005E49B6 /* Release */,
			);
			defaultConfigurationIsVisible = 0;
			defaultConfigurationName = Release;
		};
/* End XCConfigurationList section */
	};
	rootObject = 813B03731DE446C8005E49B6 /* Project object */;
}
